
Microsoft Visual Studio Solution File, Format Version 11.00
# Visual C# Express 2010
Project("{FAE04EC0-301F-11D3-BF4B-00C04F79EFBC}") = "AugmentedReality", "AugmentedReality\AugmentedReality.csproj", "{02B1EAE5-3DFB-403A-BBBD-258A0CB780F4}"
EndProject
Global
	GlobalSection(SolutionConfigurationPlatforms) = preSolution
		Debug|x86 = Debug|x86
		Release|x86 = Release|x86
	EndGlobalSection
	GlobalSection(ProjectConfigurationPlatforms) = postSolution
		{02B1EAE5-3DFB-403A-BBBD-258A0CB780F4}.Debug|x86.ActiveCfg = Debug|x86
		{02B1EAE5-3DFB-403A-BBBD-258A0CB780F4}.Debug|x86.Build.0 = Debug|x86
		{02B1EAE5-3DFB-403A-BBBD-258A0CB780F4}.Release|x86.ActiveCfg = Release|x86
		{02B1EAE5-3DFB-403A-BBBD-258A0CB780F4}.Release|x86.Build.0 = Release|x86
	EndGlobalSection
	GlobalSection(SolutionProperties) = preSolution
		HideSolutionNode = FALSE
	EndGlobalSection
EndGlobal
